{
  "name": "@fun-land/validation",
  "version": "2.0.1",
  "lockfileVersion": 1,
  "requires": true,
  "dependencies": {
    "@fun-land/accessor": {
      "version": "3.3.3",
      "resolved": "https://registry.npmjs.org/@fun-land/accessor/-/accessor-3.3.3.tgz",
      "integrity": "sha512-ySFM0u7K42Yc1qXEJLlDOvclU0EaNiMvBJiHkE/s23B1LqXIX3PuFnPz0lyZNBOOfQc9EGc84KpbC49Dn5k5jQ=="
    }
  }
}
